
Microsoft Visual Studio Solution File, Format Version 12.00
# Visual Studio Version 16
VisualStudioVersion = 16.0.30320.27
MinimumVisualStudioVersion = 10.0.40219.1
Project("{8BC9CEB8-8B4A-11D0-8D11-00A0C91BC942}") = "vector", "vector\vector.vcxproj", "{1B6DA837-106A-4DAF-B1A5-01B6289041A2}"
EndProject
Project("{8BC9CEB8-8B4A-11D0-8D11-00A0C91BC942}") = "algorithms", "algorithms\algorithms.vcxproj", "{924588A6-3C18-406E-8603-1EFC34F84EE5}"
EndProject
Global
	GlobalSection(SolutionConfigurationPlatforms) = preSolution
		Debug|x64 = Debug|x64
		Debug|x86 = Debug|x86
		Release|x64 = Release|x64
		Release|x86 = Release|x86
	EndGlobalSection
	GlobalSection(ProjectConfigurationPlatforms) = postSolution
		{1B6DA837-106A-4DAF-B1A5-01B6289041A2}.Debug|x64.ActiveCfg = Debug|x64
		{1B6DA837-106A-4DAF-B1A5-01B6289041A2}.Debug|x64.Build.0 = Debug|x64
		{1B6DA837-106A-4DAF-B1A5-01B6289041A2}.Debug|x86.ActiveCfg = Debug|Win32
		{1B6DA837-106A-4DAF-B1A5-01B6289041A2}.Debug|x86.Build.0 = Debug|Win32
		{1B6DA837-106A-4DAF-B1A5-01B6289041A2}.Release|x64.ActiveCfg = Release|x64
		{1B6DA837-106A-4DAF-B1A5-01B6289041A2}.Release|x64.Build.0 = Release|x64
		{1B6DA837-106A-4DAF-B1A5-01B6289041A2}.Release|x86.ActiveCfg = Release|Win32
		{1B6DA837-106A-4DAF-B1A5-01B6289041A2}.Release|x86.Build.0 = Release|Win32
		{924588A6-3C18-406E-8603-1EFC34F84EE5}.Debug|x64.ActiveCfg = Debug|x64
		{924588A6-3C18-406E-8603-1EFC34F84EE5}.Debug|x64.Build.0 = Debug|x64
		{924588A6-3C18-406E-8603-1EFC34F84EE5}.Debug|x86.ActiveCfg = Debug|Win32
		{924588A6-3C18-406E-8603-1EFC34F84EE5}.Debug|x86.Build.0 = Debug|Win32
		{924588A6-3C18-406E-8603-1EFC34F84EE5}.Release|x64.ActiveCfg = Release|x64
		{924588A6-3C18-406E-8603-1EFC34F84EE5}.Release|x64.Build.0 = Release|x64
		{924588A6-3C18-406E-8603-1EFC34F84EE5}.Release|x86.ActiveCfg = Release|Win32
		{924588A6-3C18-406E-8603-1EFC34F84EE5}.Release|x86.Build.0 = Release|Win32
	EndGlobalSection
	GlobalSection(SolutionProperties) = preSolution
		HideSolutionNode = FALSE
	EndGlobalSection
	GlobalSection(ExtensibilityGlobals) = postSolution
		SolutionGuid = {5F36D0B4-517B-4962-A82D-4C9700DBA72F}
	EndGlobalSection
EndGlobal
